
Microsoft Visual Studio Solution File, Format Version 12.00
# Visual Studio Version 17
VisualStudioVersion = 17.5.002.0
MinimumVisualStudioVersion = 10.0.40219.1
Project("{9A19103F-16F7-4668-BE54-9A1E7A4F7556}") = "ej_2024.09.25_03", "ej_2024.09.25_03.csproj", "{DCE0792D-531D-45DB-A8C7-3D284AF76910}"
EndProject
Global
	GlobalSection(SolutionConfigurationPlatforms) = preSolution
		Debug|Any CPU = Debug|Any CPU
		Release|Any CPU = Release|Any CPU
	EndGlobalSection
	GlobalSection(ProjectConfigurationPlatforms) = postSolution
		{DCE0792D-531D-45DB-A8C7-3D284AF76910}.Debug|Any CPU.ActiveCfg = Debug|Any CPU
		{DCE0792D-531D-45DB-A8C7-3D284AF76910}.Debug|Any CPU.Build.0 = Debug|Any CPU
		{DCE0792D-531D-45DB-A8C7-3D284AF76910}.Release|Any CPU.ActiveCfg = Release|Any CPU
		{DCE0792D-531D-45DB-A8C7-3D284AF76910}.Release|Any CPU.Build.0 = Release|Any CPU
	EndGlobalSection
	GlobalSection(SolutionProperties) = preSolution
		HideSolutionNode = FALSE
	EndGlobalSection
	GlobalSection(ExtensibilityGlobals) = postSolution
		SolutionGuid = {B2A62F31-3BD5-4445-BB1D-0EFCBD3E7C7C}
	EndGlobalSection
EndGlobal
